// !$*UTF8*$!
{
	archiveVersion = 1;
	classes = {
	};
	objectVersion = 56;
	objects = {

/* Begin PBXBuildFile section */
		AD6B0D5A2AFAB67A00C365F6 /* AppDelegate.swift in Sources */ = {isa = PBXBuildFile; fileRef = AD6B0D592AFAB67A00C365F6 /* AppDelegate.swift */; };
		AD6B0D5C2AFAB67A00C365F6 /* SceneDelegate.swift in Sources */ = {isa = PBXBuildFile; fileRef = AD6B0D5B2AFAB67A00C365F6 /* SceneDelegate.swift */; };
		AD6B0D5E2AFAB67A00C365F6 /* ViewController.swift in Sources */ = {isa = PBXBuildFile; fileRef = AD6B0D5D2AFAB67A00C365F6 /* ViewController.swift */; };
		AD6B0D612AFAB67A00C365F6 /* Main.storyboard in Resources */ = {isa = PBXBuildFile; fileRef = AD6B0D5F2AFAB67A00C365F6 /* Main.storyboard */; };
		AD6B0D632AFAB67B00C365F6 /* Assets.xcassets in Resources */ = {isa = PBXBuildFile; fileRef = AD6B0D622AFAB67B00C365F6 /* Assets.xcassets */; };
		AD6B0D662AFAB67B00C365F6 /* LaunchScreen.storyboard in Resources */ = {isa = PBXBuildFile; fileRef = AD6B0D642AFAB67B00C365F6 /* LaunchScreen.storyboard */; };
		AD6B0D6F2AFAB97E00C365F6 /* FirebaseAnalytics in Frameworks */ = {isa = PBXBuildFile; productRef = AD6B0D6E2AFAB97E00C365F6 /* FirebaseAnalytics */; };
		AD6B0D712AFAB97E00C365F6 /* FirebaseAnalyticsOnDeviceConversion in Frameworks */ = {isa = PBXBuildFile; productRef = AD6B0D702AFAB97E00C365F6 /* FirebaseAnalyticsOnDeviceConversion */; };
		AD6B0D732AFAB97E00C365F6 /* FirebaseAnalyticsSwift in Frameworks */ = {isa = PBXBuildFile; productRef = AD6B0D722AFAB97E00C365F6 /* FirebaseAnalyticsSwift */; };
		AD6B0D752AFAB97E00C365F6 /* FirebaseAnalyticsWithoutAdIdSupport in Frameworks */ = {isa = PBXBuildFile; productRef = AD6B0D742AFAB97E00C365F6 /* FirebaseAnalyticsWithoutAdIdSupport */; };
		AD6B0D772AFAB97E00C365F6 /* FirebaseAppCheck in Frameworks */ = {isa = PBXBuildFile; productRef = AD6B0D762AFAB97E00C365F6 /* FirebaseAppCheck */; };
		AD6B0D792AFAB97E00C365F6 /* FirebaseAppDistribution-Beta in Frameworks */ = {isa = PBXBuildFile; productRef = AD6B0D782AFAB97E00C365F6 /* FirebaseAppDistribution-Beta */; };
		AD6B0D7B2AFAB97E00C365F6 /* FirebaseAuth in Frameworks */ = {isa = PBXBuildFile; productRef = AD6B0D7A2AFAB97E00C365F6 /* FirebaseAuth */; };
		AD6B0D7D2AFAB97E00C365F6 /* FirebaseAuthCombine-Community in Frameworks */ = {isa = PBXBuildFile; productRef = AD6B0D7C2AFAB97E00C365F6 /* FirebaseAuthCombine-Community */; };
		AD6B0D7F2AFAB97E00C365F6 /* FirebaseCrashlytics in Frameworks */ = {isa = PBXBuildFile; productRef = AD6B0D7E2AFAB97E00C365F6 /* FirebaseCrashlytics */; };
		AD6B0D812AFAB97E00C365F6 /* FirebaseDatabase in Frameworks */ = {isa = PBXBuildFile; productRef = AD6B0D802AFAB97E00C365F6 /* FirebaseDatabase */; };
		AD6B0D832AFAB97E00C365F6 /* FirebaseDatabaseSwift in Frameworks */ = {isa = PBXBuildFile; productRef = AD6B0D822AFAB97E00C365F6 /* FirebaseDatabaseSwift */; };
		AD6B0D852AFAB97E00C365F6 /* FirebaseDynamicLinks in Frameworks */ = {isa = PBXBuildFile; productRef = AD6B0D842AFAB97E00C365F6 /* FirebaseDynamicLinks */; };
		AD6B0D872AFAB97E00C365F6 /* FirebaseFirestore in Frameworks */ = {isa = PBXBuildFile; productRef = AD6B0D862AFAB97E00C365F6 /* FirebaseFirestore */; };
		AD6B0D892AFAB97E00C365F6 /* FirebaseFirestoreCombine-Community in Frameworks */ = {isa = PBXBuildFile; productRef = AD6B0D882AFAB97E00C365F6 /* FirebaseFirestoreCombine-Community */; };
		AD6B0D8B2AFAB97E00C365F6 /* FirebaseFirestoreSwift in Frameworks */ = {isa = PBXBuildFile; productRef = AD6B0D8A2AFAB97E00C365F6 /* FirebaseFirestoreSwift */; };
		AD6B0D8D2AFAB97E00C365F6 /* FirebaseFunctions in Frameworks */ = {isa = PBXBuildFile; productRef = AD6B0D8C2AFAB97E00C365F6 /* FirebaseFunctions */; };
		AD6B0D8F2AFAB97E00C365F6 /* FirebaseFunctionsCombine-Community in Frameworks */ = {isa = PBXBuildFile; productRef = AD6B0D8E2AFAB97E00C365F6 /* FirebaseFunctionsCombine-Community */; };
		AD6B0D912AFAB97E00C365F6 /* FirebaseInAppMessaging-Beta in Frameworks */ = {isa = PBXBuildFile; productRef = AD6B0D902AFAB97E00C365F6 /* FirebaseInAppMessaging-Beta */; };
		AD6B0D932AFAB97E00C365F6 /* FirebaseInAppMessagingSwift-Beta in Frameworks */ = {isa = PBXBuildFile; productRef = AD6B0D922AFAB97E00C365F6 /* FirebaseInAppMessagingSwift-Beta */; };
		AD6B0D952AFAB97E00C365F6 /* FirebaseInstallations in Frameworks */ = {isa = PBXBuildFile; productRef = AD6B0D942AFAB97E00C365F6 /* FirebaseInstallations */; };
		AD6B0D972AFAB97E00C365F6 /* FirebaseMLModelDownloader in Frameworks */ = {isa = PBXBuildFile; productRef = AD6B0D962AFAB97E00C365F6 /* FirebaseMLModelDownloader */; };
		AD6B0D992AFAB97E00C365F6 /* FirebaseMessaging in Frameworks */ = {isa = PBXBuildFile; productRef = AD6B0D982AFAB97E00C365F6 /* FirebaseMessaging */; };
		AD6B0D9B2AFAB97E00C365F6 /* FirebasePerformance in Frameworks */ = {isa = PBXBuildFile; productRef = AD6B0D9A2AFAB97E00C365F6 /* FirebasePerformance */; };
		AD6B0D9D2AFAB97E00C365F6 /* FirebaseRemoteConfig in Frameworks */ = {isa = PBXBuildFile; productRef = AD6B0D9C2AFAB97E00C365F6 /* FirebaseRemoteConfig */; };
		AD6B0D9F2AFAB97E00C365F6 /* FirebaseRemoteConfigSwift in Frameworks */ = {isa = PBXBuildFile; productRef = AD6B0D9E2AFAB97E00C365F6 /* FirebaseRemoteConfigSwift */; };
		AD6B0DA12AFAB97E00C365F6 /* FirebaseStorage in Frameworks */ = {isa = PBXBuildFile; productRef = AD6B0DA02AFAB97E00C365F6 /* FirebaseStorage */; };
		AD6B0DA32AFAB97E00C365F6 /* FirebaseStorageCombine-Community in Frameworks */ = {isa = PBXBuildFile; productRef = AD6B0DA22AFAB97E00C365F6 /* FirebaseStorageCombine-Community */; };
		AD6B0DA52AFABA2100C365F6 /* GoogleService-Info.plist in Resources */ = {isa = PBXBuildFile; fileRef = AD6B0DA42AFABA2000C365F6 /* GoogleService-Info.plist */; };
		AD6B0DA72AFAC14500C365F6 /* FeedViewController.swift in Sources */ = {isa = PBXBuildFile; fileRef = AD6B0DA62AFAC14500C365F6 /* FeedViewController.swift */; };
		AD6B0DA92AFAC15000C365F6 /* UploadViewController.swift in Sources */ = {isa = PBXBuildFile; fileRef = AD6B0DA82AFAC15000C365F6 /* UploadViewController.swift */; };
		AD6B0DAB2AFAC15B00C365F6 /* SettingsViewController.swift in Sources */ = {isa = PBXBuildFile; fileRef = AD6B0DAA2AFAC15B00C365F6 /* SettingsViewController.swift */; };
		AD6B0DAF2AFBE09B00C365F6 /* FeedCell.swift in Sources */ = {isa = PBXBuildFile; fileRef = AD6B0DAE2AFBE09B00C365F6 /* FeedCell.swift */; };
		ADF444AC2AFC148700FDBB30 /* SDWebImage in Frameworks */ = {isa = PBXBuildFile; productRef = ADF444AB2AFC148700FDBB30 /* SDWebImage */; };
		ADF444AE2AFC148700FDBB30 /* SDWebImageMapKit in Frameworks */ = {isa = PBXBuildFile; productRef = ADF444AD2AFC148700FDBB30 /* SDWebImageMapKit */; };
/* End PBXBuildFile section */

/* Begin PBXFileReference section */
		AD6B0D562AFAB67A00C365F6 /* newinstagramclone.app */ = {isa = PBXFileReference; explicitFileType = wrapper.application; includeInIndex = 0; path = newinstagramclone.app; sourceTree = BUILT_PRODUCTS_DIR; };
		AD6B0D592AFAB67A00C365F6 /* AppDelegate.swift */ = {isa = PBXFileReference; lastKnownFileType = sourcecode.swift; path = AppDelegate.swift; sourceTree = "<group>"; };
		AD6B0D5B2AFAB67A00C365F6 /* SceneDelegate.swift */ = {isa = PBXFileReference; lastKnownFileType = sourcecode.swift; path = SceneDelegate.swift; sourceTree = "<group>"; };
		AD6B0D5D2AFAB67A00C365F6 /* ViewController.swift */ = {isa = PBXFileReference; lastKnownFileType = sourcecode.swift; path = ViewController.swift; sourceTree = "<group>"; };
		AD6B0D602AFAB67A00C365F6 /* Base */ = {isa = PBXFileReference; lastKnownFileType = file.storyboard; name = Base; path = Base.lproj/Main.storyboard; sourceTree = "<group>"; };
		AD6B0D622AFAB67B00C365F6 /* Assets.xcassets */ = {isa = PBXFileReference; lastKnownFileType = folder.assetcatalog; path = Assets.xcassets; sourceTree = "<group>"; };
		AD6B0D652AFAB67B00C365F6 /* Base */ = {isa = PBXFileReference; lastKnownFileType = file.storyboard; name = Base; path = Base.lproj/LaunchScreen.storyboard; sourceTree = "<group>"; };
		AD6B0D672AFAB67B00C365F6 /* Info.plist */ = {isa = PBXFileReference; lastKnownFileType = text.plist.xml; path = Info.plist; sourceTree = "<group>"; };
		AD6B0DA42AFABA2000C365F6 /* GoogleService-Info.plist */ = {isa = PBXFileReference; fileEncoding = 4; lastKnownFileType = text.plist.xml; path = "GoogleService-Info.plist"; sourceTree = "<group>"; };
		AD6B0DA62AFAC14500C365F6 /* FeedViewController.swift */ = {isa = PBXFileReference; lastKnownFileType = sourcecode.swift; path = FeedViewController.swift; sourceTree = "<group>"; };
		AD6B0DA82AFAC15000C365F6 /* UploadViewController.swift */ = {isa = PBXFileReference; lastKnownFileType = sourcecode.swift; path = UploadViewController.swift; sourceTree = "<group>"; };
		AD6B0DAA2AFAC15B00C365F6 /* SettingsViewController.swift */ = {isa = PBXFileReference; lastKnownFileType = sourcecode.swift; path = SettingsViewController.swift; sourceTree = "<group>"; };
		AD6B0DAE2AFBE09B00C365F6 /* FeedCell.swift */ = {isa = PBXFileReference; lastKnownFileType = sourcecode.swift; path = FeedCell.swift; sourceTree = "<group>"; };
/* End PBXFileReference section */

/* Begin PBXFrameworksBuildPhase section */
		AD6B0D532AFAB67A00C365F6 /* Frameworks */ = {
			isa = PBXFrameworksBuildPhase;
			buildActionMask = 2147483647;
			files = (
				ADF444AE2AFC148700FDBB30 /* SDWebImageMapKit in Frameworks */,
				AD6B0D812AFAB97E00C365F6 /* FirebaseDatabase in Frameworks */,
				AD6B0D8F2AFAB97E00C365F6 /* FirebaseFunctionsCombine-Community in Frameworks */,
				AD6B0D872AFAB97E00C365F6 /* FirebaseFirestore in Frameworks */,
				AD6B0D732AFAB97E00C365F6 /* FirebaseAnalyticsSwift in Frameworks */,
				AD6B0D6F2AFAB97E00C365F6 /* FirebaseAnalytics in Frameworks */,
				AD6B0D712AFAB97E00C365F6 /* FirebaseAnalyticsOnDeviceConversion in Frameworks */,
				AD6B0D972AFAB97E00C365F6 /* FirebaseMLModelDownloader in Frameworks */,
				AD6B0D8B2AFAB97E00C365F6 /* FirebaseFirestoreSwift in Frameworks */,
				AD6B0D772AFAB97E00C365F6 /* FirebaseAppCheck in Frameworks */,
				AD6B0D752AFAB97E00C365F6 /* FirebaseAnalyticsWithoutAdIdSupport in Frameworks */,
				ADF444AC2AFC148700FDBB30 /* SDWebImage in Frameworks */,
				AD6B0D7B2AFAB97E00C365F6 /* FirebaseAuth in Frameworks */,
				AD6B0D7F2AFAB97E00C365F6 /* FirebaseCrashlytics in Frameworks */,
				AD6B0D9F2AFAB97E00C365F6 /* FirebaseRemoteConfigSwift in Frameworks */,
				AD6B0D912AFAB97E00C365F6 /* FirebaseInAppMessaging-Beta in Frameworks */,
				AD6B0D832AFAB97E00C365F6 /* FirebaseDatabaseSwift in Frameworks */,
				AD6B0D8D2AFAB97E00C365F6 /* FirebaseFunctions in Frameworks */,
				AD6B0DA32AFAB97E00C365F6 /* FirebaseStorageCombine-Community in Frameworks */,
				AD6B0D9D2AFAB97E00C365F6 /* FirebaseRemoteConfig in Frameworks */,
				AD6B0D792AFAB97E00C365F6 /* FirebaseAppDistribution-Beta in Frameworks */,
				AD6B0D7D2AFAB97E00C365F6 /* FirebaseAuthCombine-Community in Frameworks */,
				AD6B0D9B2AFAB97E00C365F6 /* FirebasePerformance in Frameworks */,
				AD6B0D932AFAB97E00C365F6 /* FirebaseInAppMessagingSwift-Beta in Frameworks */,
				AD6B0DA12AFAB97E00C365F6 /* FirebaseStorage in Frameworks */,
				AD6B0D852AFAB97E00C365F6 /* FirebaseDynamicLinks in Frameworks */,
				AD6B0D892AFAB97E00C365F6 /* FirebaseFirestoreCombine-Community in Frameworks */,
				AD6B0D992AFAB97E00C365F6 /* FirebaseMessaging in Frameworks */,
				AD6B0D952AFAB97E00C365F6 /* FirebaseInstallations in Frameworks */,
			);
			runOnlyForDeploymentPostprocessing = 0;
		};
/* End PBXFrameworksBuildPhase section */

/* Begin PBXGroup section */
		AD6B0D4D2AFAB67A00C365F6 = {
			isa = PBXGroup;
			children = (
				AD6B0D582AFAB67A00C365F6 /* newinstagramclone */,
				AD6B0D572AFAB67A00C365F6 /* Products */,
			);
			sourceTree = "<group>";
		};
		AD6B0D572AFAB67A00C365F6 /* Products */ = {
			isa = PBXGroup;
			children = (
				AD6B0D562AFAB67A00C365F6 /* newinstagramclone.app */,
			);
			name = Products;
			sourceTree = "<group>";
		};
		AD6B0D582AFAB67A00C365F6 /* newinstagramclone */ = {
			isa = PBXGroup;
			children = (
				AD6B0D592AFAB67A00C365F6 /* AppDelegate.swift */,
				AD6B0D5B2AFAB67A00C365F6 /* SceneDelegate.swift */,
				AD6B0D5D2AFAB67A00C365F6 /* ViewController.swift */,
				AD6B0D5F2AFAB67A00C365F6 /* Main.storyboard */,
				AD6B0D622AFAB67B00C365F6 /* Assets.xcassets */,
				AD6B0D642AFAB67B00C365F6 /* LaunchScreen.storyboard */,
				AD6B0D672AFAB67B00C365F6 /* Info.plist */,
				AD6B0DA42AFABA2000C365F6 /* GoogleService-Info.plist */,
				AD6B0DA62AFAC14500C365F6 /* FeedViewController.swift */,
				AD6B0DA82AFAC15000C365F6 /* UploadViewController.swift */,
				AD6B0DAA2AFAC15B00C365F6 /* SettingsViewController.swift */,
				AD6B0DAE2AFBE09B00C365F6 /* FeedCell.swift */,
			);
			path = newinstagramclone;
			sourceTree = "<group>";
		};
/* End PBXGroup section */

/* Begin PBXNativeTarget section */
		AD6B0D552AFAB67A00C365F6 /* newinstagramclone */ = {
			isa = PBXNativeTarget;
			buildConfigurationList = AD6B0D6A2AFAB67B00C365F6 /* Build configuration list for PBXNativeTarget "newinstagramclone" */;
			buildPhases = (
				AD6B0D522AFAB67A00C365F6 /* Sources */,
				AD6B0D532AFAB67A00C365F6 /* Frameworks */,
				AD6B0D542AFAB67A00C365F6 /* Resources */,
			);
			buildRules = (
			);
			dependencies = (
			);
			name = newinstagramclone;
			packageProductDependencies = (
				AD6B0D6E2AFAB97E00C365F6 /* FirebaseAnalytics */,
				AD6B0D702AFAB97E00C365F6 /* FirebaseAnalyticsOnDeviceConversion */,
				AD6B0D722AFAB97E00C365F6 /* FirebaseAnalyticsSwift */,
				AD6B0D742AFAB97E00C365F6 /* FirebaseAnalyticsWithoutAdIdSupport */,
				AD6B0D762AFAB97E00C365F6 /* FirebaseAppCheck */,
				AD6B0D782AFAB97E00C365F6 /* FirebaseAppDistribution-Beta */,
				AD6B0D7A2AFAB97E00C365F6 /* FirebaseAuth */,
				AD6B0D7C2AFAB97E00C365F6 /* FirebaseAuthCombine-Community */,
				AD6B0D7E2AFAB97E00C365F6 /* FirebaseCrashlytics */,
				AD6B0D802AFAB97E00C365F6 /* FirebaseDatabase */,
				AD6B0D822AFAB97E00C365F6 /* FirebaseDatabaseSwift */,
				AD6B0D842AFAB97E00C365F6 /* FirebaseDynamicLinks */,
				AD6B0D862AFAB97E00C365F6 /* FirebaseFirestore */,
				AD6B0D882AFAB97E00C365F6 /* FirebaseFirestoreCombine-Community */,
				AD6B0D8A2AFAB97E00C365F6 /* FirebaseFirestoreSwift */,
				AD6B0D8C2AFAB97E00C365F6 /* FirebaseFunctions */,
				AD6B0D8E2AFAB97E00C365F6 /* FirebaseFunctionsCombine-Community */,
				AD6B0D902AFAB97E00C365F6 /* FirebaseInAppMessaging-Beta */,
				AD6B0D922AFAB97E00C365F6 /* FirebaseInAppMessagingSwift-Beta */,
				AD6B0D942AFAB97E00C365F6 /* FirebaseInstallations */,
				AD6B0D962AFAB97E00C365F6 /* FirebaseMLModelDownloader */,
				AD6B0D982AFAB97E00C365F6 /* FirebaseMessaging */,
				AD6B0D9A2AFAB97E00C365F6 /* FirebasePerformance */,
				AD6B0D9C2AFAB97E00C365F6 /* FirebaseRemoteConfig */,
				AD6B0D9E2AFAB97E00C365F6 /* FirebaseRemoteConfigSwift */,
				AD6B0DA02AFAB97E00C365F6 /* FirebaseStorage */,
				AD6B0DA22AFAB97E00C365F6 /* FirebaseStorageCombine-Community */,
				ADF444AB2AFC148700FDBB30 /* SDWebImage */,
				ADF444AD2AFC148700FDBB30 /* SDWebImageMapKit */,
			);
			productName = newinstagramclone;
			productReference = AD6B0D562AFAB67A00C365F6 /* newinstagramclone.app */;
			productType = "com.apple.product-type.application";
		};
/* End PBXNativeTarget section */

/* Begin PBXProject section */
		AD6B0D4E2AFAB67A00C365F6 /* Project object */ = {
			isa = PBXProject;
			attributes = {
				BuildIndependentTargetsInParallel = 1;
				LastSwiftUpdateCheck = 1500;
				LastUpgradeCheck = 1500;
				TargetAttributes = {
					AD6B0D552AFAB67A00C365F6 = {
						CreatedOnToolsVersion = 15.0.1;
					};
				};
			};
			buildConfigurationList = AD6B0D512AFAB67A00C365F6 /* Build configuration list for PBXProject "newinstagramclone" */;
			compatibilityVersion = "Xcode 14.0";
			developmentRegion = en;
			hasScannedForEncodings = 0;
			knownRegions = (
				en,
				Base,
			);
			mainGroup = AD6B0D4D2AFAB67A00C365F6;
			packageReferences = (
				AD6B0D6D2AFAB97E00C365F6 /* XCRemoteSwiftPackageReference "firebase-ios-sdk" */,
				ADF444AA2AFC148700FDBB30 /* XCRemoteSwiftPackageReference "SDWebImage" */,
			);
			productRefGroup = AD6B0D572AFAB67A00C365F6 /* Products */;
			projectDirPath = "";
			projectRoot = "";
			targets = (
				AD6B0D552AFAB67A00C365F6 /* newinstagramclone */,
			);
		};
/* End PBXProject section */

/* Begin PBXResourcesBuildPhase section */
		AD6B0D542AFAB67A00C365F6 /* Resources */ = {
			isa = PBXResourcesBuildPhase;
			buildActionMask = 2147483647;
			files = (
				AD6B0D662AFAB67B00C365F6 /* LaunchScreen.storyboard in Resources */,
				AD6B0DA52AFABA2100C365F6 /* GoogleService-Info.plist in Resources */,
				AD6B0D632AFAB67B00C365F6 /* Assets.xcassets in Resources */,
				AD6B0D612AFAB67A00C365F6 /* Main.storyboard in Resources */,
			);
			runOnlyForDeploymentPostprocessing = 0;
		};
/* End PBXResourcesBuildPhase section */

/* Begin PBXSourcesBuildPhase section */
		AD6B0D522AFAB67A00C365F6 /* Sources */ = {
			isa = PBXSourcesBuildPhase;
			buildActionMask = 2147483647;
			files = (
				AD6B0DAF2AFBE09B00C365F6 /* FeedCell.swift in Sources */,
				AD6B0D5E2AFAB67A00C365F6 /* ViewController.swift in Sources */,
				AD6B0DA92AFAC15000C365F6 /* UploadViewController.swift in Sources */,
				AD6B0D5A2AFAB67A00C365F6 /* AppDelegate.swift in Sources */,
				AD6B0DA72AFAC14500C365F6 /* FeedViewController.swift in Sources */,
				AD6B0D5C2AFAB67A00C365F6 /* SceneDelegate.swift in Sources */,
				AD6B0DAB2AFAC15B00C365F6 /* SettingsViewController.swift in Sources */,
			);
			runOnlyForDeploymentPostprocessing = 0;
		};
/* End PBXSourcesBuildPhase section */

/* Begin PBXVariantGroup section */
		AD6B0D5F2AFAB67A00C365F6 /* Main.storyboard */ = {
			isa = PBXVariantGroup;
			children = (
				AD6B0D602AFAB67A00C365F6 /* Base */,
			);
			name = Main.storyboard;
			sourceTree = "<group>";
		};
		AD6B0D642AFAB67B00C365F6 /* LaunchScreen.storyboard */ = {
			isa = PBXVariantGroup;
			children = (
				AD6B0D652AFAB67B00C365F6 /* Base */,
			);
			name = LaunchScreen.storyboard;
			sourceTree = "<group>";
		};
/* End PBXVariantGroup section */

/* Begin XCBuildConfiguration section */
		AD6B0D682AFAB67B00C365F6 /* Debug */ = {
			isa = XCBuildConfiguration;
			buildSettings = {
				ALWAYS_SEARCH_USER_PATHS = NO;
				ASSETCATALOG_COMPILER_GENERATE_SWIFT_ASSET_SYMBOL_EXTENSIONS = YES;
				CLANG_ANALYZER_NONNULL = YES;
				CLANG_ANALYZER_NUMBER_OBJECT_CONVERSION = YES_AGGRESSIVE;
				CLANG_CXX_LANGUAGE_STANDARD = "gnu++20";
				CLANG_ENABLE_MODULES = YES;
				CLANG_ENABLE_OBJC_ARC = YES;
				CLANG_ENABLE_OBJC_WEAK = YES;
				CLANG_WARN_BLOCK_CAPTURE_AUTORELEASING = YES;
				CLANG_WARN_BOOL_CONVERSION = YES;
				CLANG_WARN_COMMA = YES;
				CLANG_WARN_CONSTANT_CONVERSION = YES;
				CLANG_WARN_DEPRECATED_OBJC_IMPLEMENTATIONS = YES;
				CLANG_WARN_DIRECT_OBJC_ISA_USAGE = YES_ERROR;
				CLANG_WARN_DOCUMENTATION_COMMENTS = YES;
				CLANG_WARN_EMPTY_BODY = YES;
				CLANG_WARN_ENUM_CONVERSION = YES;
				CLANG_WARN_INFINITE_RECURSION = YES;
				CLANG_WARN_INT_CONVERSION = YES;
				CLANG_WARN_NON_LITERAL_NULL_CONVERSION = YES;
				CLANG_WARN_OBJC_IMPLICIT_RETAIN_SELF = YES;
				CLANG_WARN_OBJC_LITERAL_CONVERSION = YES;
				CLANG_WARN_OBJC_ROOT_CLASS = YES_ERROR;
				CLANG_WARN_QUOTED_INCLUDE_IN_FRAMEWORK_HEADER = YES;
				CLANG_WARN_RANGE_LOOP_ANALYSIS = YES;
				CLANG_WARN_STRICT_PROTOTYPES = YES;
				CLANG_WARN_SUSPICIOUS_MOVE = YES;
				CLANG_WARN_UNGUARDED_AVAILABILITY = YES_AGGRESSIVE;
				CLANG_WARN_UNREACHABLE_CODE = YES;
				CLANG_WARN__DUPLICATE_METHOD_MATCH = YES;
				COPY_PHASE_STRIP = NO;
				DEBUG_INFORMATION_FORMAT = dwarf;
				ENABLE_STRICT_OBJC_MSGSEND = YES;
				ENABLE_TESTABILITY = YES;
				ENABLE_USER_SCRIPT_SANDBOXING = YES;
				GCC_C_LANGUAGE_STANDARD = gnu17;
				GCC_DYNAMIC_NO_PIC = NO;
				GCC_NO_COMMON_BLOCKS = YES;
				GCC_OPTIMIZATION_LEVEL = 0;
				GCC_PREPROCESSOR_DEFINITIONS = (
					"DEBUG=1",
					"$(inherited)",
				);
				GCC_WARN_64_TO_32_BIT_CONVERSION = YES;
				GCC_WARN_ABOUT_RETURN_TYPE = YES_ERROR;
				GCC_WARN_UNDECLARED_SELECTOR = YES;
				GCC_WARN_UNINITIALIZED_AUTOS = YES_AGGRESSIVE;
				GCC_WARN_UNUSED_FUNCTION = YES;
				GCC_WARN_UNUSED_VARIABLE = YES;
				IPHONEOS_DEPLOYMENT_TARGET = 17.0;
				LOCALIZATION_PREFERS_STRING_CATALOGS = YES;
				MTL_ENABLE_DEBUG_INFO = INCLUDE_SOURCE;
				MTL_FAST_MATH = YES;
				ONLY_ACTIVE_ARCH = YES;
				SDKROOT = iphoneos;
				SWIFT_ACTIVE_COMPILATION_CONDITIONS = "DEBUG $(inherited)";
				SWIFT_OPTIMIZATION_LEVEL = "-Onone";
			};
			name = Debug;
		};
		AD6B0D692AFAB67B00C365F6 /* Release */ = {
			isa = XCBuildConfiguration;
			buildSettings = {
				ALWAYS_SEARCH_USER_PATHS = NO;
				ASSETCATALOG_COMPILER_GENERATE_SWIFT_ASSET_SYMBOL_EXTENSIONS = YES;
				CLANG_ANALYZER_NONNULL = YES;
				CLANG_ANALYZER_NUMBER_OBJECT_CONVERSION = YES_AGGRESSIVE;
				CLANG_CXX_LANGUAGE_STANDARD = "gnu++20";
				CLANG_ENABLE_MODULES = YES;
				CLANG_ENABLE_OBJC_ARC = YES;
				CLANG_ENABLE_OBJC_WEAK = YES;
				CLANG_WARN_BLOCK_CAPTURE_AUTORELEASING = YES;
				CLANG_WARN_BOOL_CONVERSION = YES;
				CLANG_WARN_COMMA = YES;
				CLANG_WARN_CONSTANT_CONVERSION = YES;
				CLANG_WARN_DEPRECATED_OBJC_IMPLEMENTATIONS = YES;
				CLANG_WARN_DIRECT_OBJC_ISA_USAGE = YES_ERROR;
				CLANG_WARN_DOCUMENTATION_COMMENTS = YES;
				CLANG_WARN_EMPTY_BODY = YES;
				CLANG_WARN_ENUM_CONVERSION = YES;
				CLANG_WARN_INFINITE_RECURSION = YES;
				CLANG_WARN_INT_CONVERSION = YES;
				CLANG_WARN_NON_LITERAL_NULL_CONVERSION = YES;
				CLANG_WARN_OBJC_IMPLICIT_RETAIN_SELF = YES;
				CLANG_WARN_OBJC_LITERAL_CONVERSION = YES;
				CLANG_WARN_OBJC_ROOT_CLASS = YES_ERROR;
				CLANG_WARN_QUOTED_INCLUDE_IN_FRAMEWORK_HEADER = YES;
				CLANG_WARN_RANGE_LOOP_ANALYSIS = YES;
				CLANG_WARN_STRICT_PROTOTYPES = YES;
				CLANG_WARN_SUSPICIOUS_MOVE = YES;
				CLANG_WARN_UNGUARDED_AVAILABILITY = YES_AGGRESSIVE;
				CLANG_WARN_UNREACHABLE_CODE = YES;
				CLANG_WARN__DUPLICATE_METHOD_MATCH = YES;
				COPY_PHASE_STRIP = NO;
				DEBUG_INFORMATION_FORMAT = "dwarf-with-dsym";
				ENABLE_NS_ASSERTIONS = NO;
				ENABLE_STRICT_OBJC_MSGSEND = YES;
				ENABLE_USER_SCRIPT_SANDBOXING = YES;
				GCC_C_LANGUAGE_STANDARD = gnu17;
				GCC_NO_COMMON_BLOCKS = YES;
				GCC_WARN_64_TO_32_BIT_CONVERSION = YES;
				GCC_WARN_ABOUT_RETURN_TYPE = YES_ERROR;
				GCC_WARN_UNDECLARED_SELECTOR = YES;
				GCC_WARN_UNINITIALIZED_AUTOS = YES_AGGRESSIVE;
				GCC_WARN_UNUSED_FUNCTION = YES;
				GCC_WARN_UNUSED_VARIABLE = YES;
				IPHONEOS_DEPLOYMENT_TARGET = 17.0;
				LOCALIZATION_PREFERS_STRING_CATALOGS = YES;
				MTL_ENABLE_DEBUG_INFO = NO;
				MTL_FAST_MATH = YES;
				SDKROOT = iphoneos;
				SWIFT_COMPILATION_MODE = wholemodule;
				VALIDATE_PRODUCT = YES;
			};
			name = Release;
		};
		AD6B0D6B2AFAB67B00C365F6 /* Debug */ = {
			isa = XCBuildConfiguration;
			buildSettings = {
				ASSETCATALOG_COMPILER_APPICON_NAME = AppIcon;
				ASSETCATALOG_COMPILER_GLOBAL_ACCENT_COLOR_NAME = AccentColor;
				CODE_SIGN_STYLE = Automatic;
				CURRENT_PROJECT_VERSION = 1;
				DEVELOPMENT_TEAM = 8BUJ4V9PBX;
				GENERATE_INFOPLIST_FILE = YES;
				INFOPLIST_FILE = newinstagramclone/Info.plist;
				INFOPLIST_KEY_UIApplicationSupportsIndirectInputEvents = YES;
				INFOPLIST_KEY_UILaunchStoryboardName = LaunchScreen;
				INFOPLIST_KEY_UIMainStoryboardFile = Main;
				INFOPLIST_KEY_UISupportedInterfaceOrientations_iPad = "UIInterfaceOrientationPortrait UIInterfaceOrientationPortraitUpsideDown UIInterfaceOrientationLandscapeLeft UIInterfaceOrientationLandscapeRight";
				INFOPLIST_KEY_UISupportedInterfaceOrientations_iPhone = "UIInterfaceOrientationPortrait UIInterfaceOrientationLandscapeLeft UIInterfaceOrientationLandscapeRight";
				LD_RUNPATH_SEARCH_PATHS = (
					"$(inherited)",
					"@executable_path/Frameworks",
				);
				MARKETING_VERSION = 1.0;
				PRODUCT_BUNDLE_IDENTIFIER = com.olgunbingol.newinstagramclone;
				PRODUCT_NAME = "$(TARGET_NAME)";
				SWIFT_EMIT_LOC_STRINGS = YES;
				SWIFT_VERSION = 5.0;
				TARGETED_DEVICE_FAMILY = "1,2";
			};
			name = Debug;
		};
		AD6B0D6C2AFAB67B00C365F6 /* Release */ = {
			isa = XCBuildConfiguration;
			buildSettings = {
				ASSETCATALOG_COMPILER_APPICON_NAME = AppIcon;
				ASSETCATALOG_COMPILER_GLOBAL_ACCENT_COLOR_NAME = AccentColor;
				CODE_SIGN_STYLE = Automatic;
				CURRENT_PROJECT_VERSION = 1;
				DEVELOPMENT_TEAM = 8BUJ4V9PBX;
				GENERATE_INFOPLIST_FILE = YES;
				INFOPLIST_FILE = newinstagramclone/Info.plist;
				INFOPLIST_KEY_UIApplicationSupportsIndirectInputEvents = YES;
				INFOPLIST_KEY_UILaunchStoryboardName = LaunchScreen;
				INFOPLIST_KEY_UIMainStoryboardFile = Main;
				INFOPLIST_KEY_UISupportedInterfaceOrientations_iPad = "UIInterfaceOrientationPortrait UIInterfaceOrientationPortraitUpsideDown UIInterfaceOrientationLandscapeLeft UIInterfaceOrientationLandscapeRight";
				INFOPLIST_KEY_UISupportedInterfaceOrientations_iPhone = "UIInterfaceOrientationPortrait UIInterfaceOrientationLandscapeLeft UIInterfaceOrientationLandscapeRight";
				LD_RUNPATH_SEARCH_PATHS = (
					"$(inherited)",
					"@executable_path/Frameworks",
				);
				MARKETING_VERSION = 1.0;
				PRODUCT_BUNDLE_IDENTIFIER = com.olgunbingol.newinstagramclone;
				PRODUCT_NAME = "$(TARGET_NAME)";
				SWIFT_EMIT_LOC_STRINGS = YES;
				SWIFT_VERSION = 5.0;
				TARGETED_DEVICE_FAMILY = "1,2";
			};
			name = Release;
		};
/* End XCBuildConfiguration section */

/* Begin XCConfigurationList section */
		AD6B0D512AFAB67A00C365F6 /* Build configuration list for PBXProject "newinstagramclone" */ = {
			isa = XCConfigurationList;
			buildConfigurations = (
				AD6B0D682AFAB67B00C365F6 /* Debug */,
				AD6B0D692AFAB67B00C365F6 /* Release */,
			);
			defaultConfigurationIsVisible = 0;
			defaultConfigurationName = Release;
		};
		AD6B0D6A2AFAB67B00C365F6 /* Build configuration list for PBXNativeTarget "newinstagramclone" */ = {
			isa = XCConfigurationList;
			buildConfigurations = (
				AD6B0D6B2AFAB67B00C365F6 /* Debug */,
				AD6B0D6C2AFAB67B00C365F6 /* Release */,
			);
			defaultConfigurationIsVisible = 0;
			defaultConfigurationName = Release;
		};
/* End XCConfigurationList section */

/* Begin XCRemoteSwiftPackageReference section */
		AD6B0D6D2AFAB97E00C365F6 /* XCRemoteSwiftPackageReference "firebase-ios-sdk" */ = {
			isa = XCRemoteSwiftPackageReference;
			repositoryURL = "https://github.com/firebase/firebase-ios-sdk";
			requirement = {
				kind = upToNextMajorVersion;
				minimumVersion = 10.17.0;
			};
		};
		ADF444AA2AFC148700FDBB30 /* XCRemoteSwiftPackageReference "SDWebImage" */ = {
			isa = XCRemoteSwiftPackageReference;
			repositoryURL = "https://github.com/SDWebImage/SDWebImage";
			requirement = {
				kind = upToNextMajorVersion;
				minimumVersion = 5.18.4;
			};
		};
/* End XCRemoteSwiftPackageReference section */

/* Begin XCSwiftPackageProductDependency section */
		AD6B0D6E2AFAB97E00C365F6 /* FirebaseAnalytics */ = {
			isa = XCSwiftPackageProductDependency;
			package = AD6B0D6D2AFAB97E00C365F6 /* XCRemoteSwiftPackageReference "firebase-ios-sdk" */;
			productName = FirebaseAnalytics;
		};
		AD6B0D702AFAB97E00C365F6 /* FirebaseAnalyticsOnDeviceConversion */ = {
			isa = XCSwiftPackageProductDependency;
			package = AD6B0D6D2AFAB97E00C365F6 /* XCRemoteSwiftPackageReference "firebase-ios-sdk" */;
			productName = FirebaseAnalyticsOnDeviceConversion;
		};
		AD6B0D722AFAB97E00C365F6 /* FirebaseAnalyticsSwift */ = {
			isa = XCSwiftPackageProductDependency;
			package = AD6B0D6D2AFAB97E00C365F6 /* XCRemoteSwiftPackageReference "firebase-ios-sdk" */;
			productName = FirebaseAnalyticsSwift;
		};
		AD6B0D742AFAB97E00C365F6 /* FirebaseAnalyticsWithoutAdIdSupport */ = {
			isa = XCSwiftPackageProductDependency;
			package = AD6B0D6D2AFAB97E00C365F6 /* XCRemoteSwiftPackageReference "firebase-ios-sdk" */;
			productName = FirebaseAnalyticsWithoutAdIdSupport;
		};
		AD6B0D762AFAB97E00C365F6 /* FirebaseAppCheck */ = {
			isa = XCSwiftPackageProductDependency;
			package = AD6B0D6D2AFAB97E00C365F6 /* XCRemoteSwiftPackageReference "firebase-ios-sdk" */;
			productName = FirebaseAppCheck;
		};
		AD6B0D782AFAB97E00C365F6 /* FirebaseAppDistribution-Beta */ = {
			isa = XCSwiftPackageProductDependency;
			package = AD6B0D6D2AFAB97E00C365F6 /* XCRemoteSwiftPackageReference "firebase-ios-sdk" */;
			productName = "FirebaseAppDistribution-Beta";
		};
		AD6B0D7A2AFAB97E00C365F6 /* FirebaseAuth */ = {
			isa = XCSwiftPackageProductDependency;
			package = AD6B0D6D2AFAB97E00C365F6 /* XCRemoteSwiftPackageReference "firebase-ios-sdk" */;
			productName = FirebaseAuth;
		};
		AD6B0D7C2AFAB97E00C365F6 /* FirebaseAuthCombine-Community */ = {
			isa = XCSwiftPackageProductDependency;
			package = AD6B0D6D2AFAB97E00C365F6 /* XCRemoteSwiftPackageReference "firebase-ios-sdk" */;
			productName = "FirebaseAuthCombine-Community";
		};
		AD6B0D7E2AFAB97E00C365F6 /* FirebaseCrashlytics */ = {
			isa = XCSwiftPackageProductDependency;
			package = AD6B0D6D2AFAB97E00C365F6 /* XCRemoteSwiftPackageReference "firebase-ios-sdk" */;
			productName = FirebaseCrashlytics;
		};
		AD6B0D802AFAB97E00C365F6 /* FirebaseDatabase */ = {
			isa = XCSwiftPackageProductDependency;
			package = AD6B0D6D2AFAB97E00C365F6 /* XCRemoteSwiftPackageReference "firebase-ios-sdk" */;
			productName = FirebaseDatabase;
		};
		AD6B0D822AFAB97E00C365F6 /* FirebaseDatabaseSwift */ = {
			isa = XCSwiftPackageProductDependency;
			package = AD6B0D6D2AFAB97E00C365F6 /* XCRemoteSwiftPackageReference "firebase-ios-sdk" */;
			productName = FirebaseDatabaseSwift;
		};
		AD6B0D842AFAB97E00C365F6 /* FirebaseDynamicLinks */ = {
			isa = XCSwiftPackageProductDependency;
			package = AD6B0D6D2AFAB97E00C365F6 /* XCRemoteSwiftPackageReference "firebase-ios-sdk" */;
			productName = FirebaseDynamicLinks;
		};
		AD6B0D862AFAB97E00C365F6 /* FirebaseFirestore */ = {
			isa = XCSwiftPackageProductDependency;
			package = AD6B0D6D2AFAB97E00C365F6 /* XCRemoteSwiftPackageReference "firebase-ios-sdk" */;
			productName = FirebaseFirestore;
		};
		AD6B0D882AFAB97E00C365F6 /* FirebaseFirestoreCombine-Community */ = {
			isa = XCSwiftPackageProductDependency;
			package = AD6B0D6D2AFAB97E00C365F6 /* XCRemoteSwiftPackageReference "firebase-ios-sdk" */;
			productName = "FirebaseFirestoreCombine-Community";
		};
		AD6B0D8A2AFAB97E00C365F6 /* FirebaseFirestoreSwift */ = {
			isa = XCSwiftPackageProductDependency;
			package = AD6B0D6D2AFAB97E00C365F6 /* XCRemoteSwiftPackageReference "firebase-ios-sdk" */;
			productName = FirebaseFirestoreSwift;
		};
		AD6B0D8C2AFAB97E00C365F6 /* FirebaseFunctions */ = {
			isa = XCSwiftPackageProductDependency;
			package = AD6B0D6D2AFAB97E00C365F6 /* XCRemoteSwiftPackageReference "firebase-ios-sdk" */;
			productName = FirebaseFunctions;
		};
		AD6B0D8E2AFAB97E00C365F6 /* FirebaseFunctionsCombine-Community */ = {
			isa = XCSwiftPackageProductDependency;
			package = AD6B0D6D2AFAB97E00C365F6 /* XCRemoteSwiftPackageReference "firebase-ios-sdk" */;
			productName = "FirebaseFunctionsCombine-Community";
		};
		AD6B0D902AFAB97E00C365F6 /* FirebaseInAppMessaging-Beta */ = {
			isa = XCSwiftPackageProductDependency;
			package = AD6B0D6D2AFAB97E00C365F6 /* XCRemoteSwiftPackageReference "firebase-ios-sdk" */;
			productName = "FirebaseInAppMessaging-Beta";
		};
		AD6B0D922AFAB97E00C365F6 /* FirebaseInAppMessagingSwift-Beta */ = {
			isa = XCSwiftPackageProductDependency;
			package = AD6B0D6D2AFAB97E00C365F6 /* XCRemoteSwiftPackageReference "firebase-ios-sdk" */;
			productName = "FirebaseInAppMessagingSwift-Beta";
		};
		AD6B0D942AFAB97E00C365F6 /* FirebaseInstallations */ = {
			isa = XCSwiftPackageProductDependency;
			package = AD6B0D6D2AFAB97E00C365F6 /* XCRemoteSwiftPackageReference "firebase-ios-sdk" */;
			productName = FirebaseInstallations;
		};
		AD6B0D962AFAB97E00C365F6 /* FirebaseMLModelDownloader */ = {
			isa = XCSwiftPackageProductDependency;
			package = AD6B0D6D2AFAB97E00C365F6 /* XCRemoteSwiftPackageReference "firebase-ios-sdk" */;
			productName = FirebaseMLModelDownloader;
		};
		AD6B0D982AFAB97E00C365F6 /* FirebaseMessaging */ = {
			isa = XCSwiftPackageProductDependency;
			package = AD6B0D6D2AFAB97E00C365F6 /* XCRemoteSwiftPackageReference "firebase-ios-sdk" */;
			productName = FirebaseMessaging;
		};
		AD6B0D9A2AFAB97E00C365F6 /* FirebasePerformance */ = {
			isa = XCSwiftPackageProductDependency;
			package = AD6B0D6D2AFAB97E00C365F6 /* XCRemoteSwiftPackageReference "firebase-ios-sdk" */;
			productName = FirebasePerformance;
		};
		AD6B0D9C2AFAB97E00C365F6 /* FirebaseRemoteConfig */ = {
			isa = XCSwiftPackageProductDependency;
			package = AD6B0D6D2AFAB97E00C365F6 /* XCRemoteSwiftPackageReference "firebase-ios-sdk" */;
			productName = FirebaseRemoteConfig;
		};
		AD6B0D9E2AFAB97E00C365F6 /* FirebaseRemoteConfigSwift */ = {
			isa = XCSwiftPackageProductDependency;
			package = AD6B0D6D2AFAB97E00C365F6 /* XCRemoteSwiftPackageReference "firebase-ios-sdk" */;
			productName = FirebaseRemoteConfigSwift;
		};
		AD6B0DA02AFAB97E00C365F6 /* FirebaseStorage */ = {
			isa = XCSwiftPackageProductDependency;
			package = AD6B0D6D2AFAB97E00C365F6 /* XCRemoteSwiftPackageReference "firebase-ios-sdk" */;
			productName = FirebaseStorage;
		};
		AD6B0DA22AFAB97E00C365F6 /* FirebaseStorageCombine-Community */ = {
			isa = XCSwiftPackageProductDependency;
			package = AD6B0D6D2AFAB97E00C365F6 /* XCRemoteSwiftPackageReference "firebase-ios-sdk" */;
			productName = "FirebaseStorageCombine-Community";
		};
		ADF444AB2AFC148700FDBB30 /* SDWebImage */ = {
			isa = XCSwiftPackageProductDependency;
			package = ADF444AA2AFC148700FDBB30 /* XCRemoteSwiftPackageReference "SDWebImage" */;
			productName = SDWebImage;
		};
		ADF444AD2AFC148700FDBB30 /* SDWebImageMapKit */ = {
			isa = XCSwiftPackageProductDependency;
			package = ADF444AA2AFC148700FDBB30 /* XCRemoteSwiftPackageReference "SDWebImage" */;
			productName = SDWebImageMapKit;
		};
/* End XCSwiftPackageProductDependency section */
	};
	rootObject = AD6B0D4E2AFAB67A00C365F6 /* Project object */;
}
